// !$*UTF8*$!
{
	archiveVersion = 1;
	classes = {
	};
	objectVersion = 50;
	objects = {

/* Begin PBXBuildFile section */
		BC31412922514E3C004F7F0B /* AppDelegate.swift in Sources */ = {isa = PBXBuildFile; fileRef = BC31412822514E3C004F7F0B /* AppDelegate.swift */; };
		BC31412B22514E3C004F7F0B /* ViewController.swift in Sources */ = {isa = PBXBuildFile; fileRef = BC31412A22514E3C004F7F0B /* ViewController.swift */; };
		BC31412E22514E3C004F7F0B /* Main.storyboard in Resources */ = {isa = PBXBuildFile; fileRef = BC31412C22514E3C004F7F0B /* Main.storyboard */; };
		BC31413022514E3D004F7F0B /* Assets.xcassets in Resources */ = {isa = PBXBuildFile; fileRef = BC31412F22514E3D004F7F0B /* Assets.xcassets */; };
		BC31413322514E3D004F7F0B /* LaunchScreen.storyboard in Resources */ = {isa = PBXBuildFile; fileRef = BC31413122514E3D004F7F0B /* LaunchScreen.storyboard */; };
		BC31413B22514F22004F7F0B /* DeviceDetector.swift in Sources */ = {isa = PBXBuildFile; fileRef = BC31413A22514F22004F7F0B /* DeviceDetector.swift */; };
		BC31413F2256A7A7004F7F0B /* iPhoneModel.swift in Sources */ = {isa = PBXBuildFile; fileRef = BC31413E2256A7A7004F7F0B /* iPhoneModel.swift */; };
		BC3141412256A7CD004F7F0B /* iPadModel.swift in Sources */ = {isa = PBXBuildFile; fileRef = BC3141402256A7CD004F7F0B /* iPadModel.swift */; };
		BC3141432256A7E7004F7F0B /* WatchModel.swift in Sources */ = {isa = PBXBuildFile; fileRef = BC3141422256A7E7004F7F0B /* WatchModel.swift */; };
		BC3141452256A804004F7F0B /* AppleTVModel.swift in Sources */ = {isa = PBXBuildFile; fileRef = BC3141442256A804004F7F0B /* AppleTVModel.swift */; };
/* End PBXBuildFile section */

/* Begin PBXFileReference section */
		BC31412522514E3C004F7F0B /* DeviceDetector.app */ = {isa = PBXFileReference; explicitFileType = wrapper.application; includeInIndex = 0; path = DeviceDetector.app; sourceTree = BUILT_PRODUCTS_DIR; };
		BC31412822514E3C004F7F0B /* AppDelegate.swift */ = {isa = PBXFileReference; lastKnownFileType = sourcecode.swift; path = AppDelegate.swift; sourceTree = "<group>"; };
		BC31412A22514E3C004F7F0B /* ViewController.swift */ = {isa = PBXFileReference; lastKnownFileType = sourcecode.swift; path = ViewController.swift; sourceTree = "<group>"; };
		BC31412D22514E3C004F7F0B /* Base */ = {isa = PBXFileReference; lastKnownFileType = file.storyboard; name = Base; path = Base.lproj/Main.storyboard; sourceTree = "<group>"; };
		BC31412F22514E3D004F7F0B /* Assets.xcassets */ = {isa = PBXFileReference; lastKnownFileType = folder.assetcatalog; path = Assets.xcassets; sourceTree = "<group>"; };
		BC31413222514E3D004F7F0B /* Base */ = {isa = PBXFileReference; lastKnownFileType = file.storyboard; name = Base; path = Base.lproj/LaunchScreen.storyboard; sourceTree = "<group>"; };
		BC31413422514E3D004F7F0B /* Info.plist */ = {isa = PBXFileReference; lastKnownFileType = text.plist.xml; path = Info.plist; sourceTree = "<group>"; };
		BC31413A22514F22004F7F0B /* DeviceDetector.swift */ = {isa = PBXFileReference; lastKnownFileType = sourcecode.swift; path = DeviceDetector.swift; sourceTree = "<group>"; };
		BC31413E2256A7A7004F7F0B /* iPhoneModel.swift */ = {isa = PBXFileReference; lastKnownFileType = sourcecode.swift; path = iPhoneModel.swift; sourceTree = "<group>"; };
		BC3141402256A7CD004F7F0B /* iPadModel.swift */ = {isa = PBXFileReference; lastKnownFileType = sourcecode.swift; path = iPadModel.swift; sourceTree = "<group>"; };
		BC3141422256A7E7004F7F0B /* WatchModel.swift */ = {isa = PBXFileReference; lastKnownFileType = sourcecode.swift; path = WatchModel.swift; sourceTree = "<group>"; };
		BC3141442256A804004F7F0B /* AppleTVModel.swift */ = {isa = PBXFileReference; lastKnownFileType = sourcecode.swift; path = AppleTVModel.swift; sourceTree = "<group>"; };
/* End PBXFileReference section */

/* Begin PBXFrameworksBuildPhase section */
		BC31412222514E3C004F7F0B /* Frameworks */ = {
			isa = PBXFrameworksBuildPhase;
			buildActionMask = 2147483647;
			files = (
			);
			runOnlyForDeploymentPostprocessing = 0;
		};
/* End PBXFrameworksBuildPhase section */

/* Begin PBXGroup section */
		BC31411C22514E3C004F7F0B = {
			isa = PBXGroup;
			children = (
				BC31412722514E3C004F7F0B /* DeviceDetector */,
				BC31412622514E3C004F7F0B /* Products */,
			);
			sourceTree = "<group>";
		};
		BC31412622514E3C004F7F0B /* Products */ = {
			isa = PBXGroup;
			children = (
				BC31412522514E3C004F7F0B /* DeviceDetector.app */,
			);
			name = Products;
			sourceTree = "<group>";
		};
		BC31412722514E3C004F7F0B /* DeviceDetector */ = {
			isa = PBXGroup;
			children = (
				BC31413C2256A77F004F7F0B /* DeviceDetector */,
				BC31412822514E3C004F7F0B /* AppDelegate.swift */,
				BC31412A22514E3C004F7F0B /* ViewController.swift */,
				BC31412C22514E3C004F7F0B /* Main.storyboard */,
				BC31412F22514E3D004F7F0B /* Assets.xcassets */,
				BC31413122514E3D004F7F0B /* LaunchScreen.storyboard */,
				BC31413422514E3D004F7F0B /* Info.plist */,
			);
			path = DeviceDetector;
			sourceTree = "<group>";
		};
		BC31413C2256A77F004F7F0B /* DeviceDetector */ = {
			isa = PBXGroup;
			children = (
				BC31413D2256A78D004F7F0B /* DeviceModels */,
				BC31413A22514F22004F7F0B /* DeviceDetector.swift */,
			);
			path = DeviceDetector;
			sourceTree = "<group>";
		};
		BC31413D2256A78D004F7F0B /* DeviceModels */ = {
			isa = PBXGroup;
			children = (
				BC31413E2256A7A7004F7F0B /* iPhoneModel.swift */,
				BC3141402256A7CD004F7F0B /* iPadModel.swift */,
				BC3141422256A7E7004F7F0B /* WatchModel.swift */,
				BC3141442256A804004F7F0B /* AppleTVModel.swift */,
			);
			path = DeviceModels;
			sourceTree = "<group>";
		};
/* End PBXGroup section */

/* Begin PBXNativeTarget section */
		BC31412422514E3C004F7F0B /* DeviceDetector */ = {
			isa = PBXNativeTarget;
			buildConfigurationList = BC31413722514E3D004F7F0B /* Build configuration list for PBXNativeTarget "DeviceDetector" */;
			buildPhases = (
				BC31412122514E3C004F7F0B /* Sources */,
				BC31412222514E3C004F7F0B /* Frameworks */,
				BC31412322514E3C004F7F0B /* Resources */,
			);
			buildRules = (
			);
			dependencies = (
			);
			name = DeviceDetector;
			productName = DeviceDetector;
			productReference = BC31412522514E3C004F7F0B /* DeviceDetector.app */;
			productType = "com.apple.product-type.application";
		};
/* End PBXNativeTarget section */

/* Begin PBXProject section */
		BC31411D22514E3C004F7F0B /* Project object */ = {
			isa = PBXProject;
			attributes = {
				LastSwiftUpdateCheck = 1010;
				LastUpgradeCheck = 1010;
				ORGANIZATIONNAME = "Alexander Zakatnov";
				TargetAttributes = {
					BC31412422514E3C004F7F0B = {
						CreatedOnToolsVersion = 10.1;
					};
				};
			};
			buildConfigurationList = BC31412022514E3C004F7F0B /* Build configuration list for PBXProject "DeviceDetector" */;
			compatibilityVersion = "Xcode 9.3";
			developmentRegion = en;
			hasScannedForEncodings = 0;
			knownRegions = (
				en,
				Base,
			);
			mainGroup = BC31411C22514E3C004F7F0B;
			productRefGroup = BC31412622514E3C004F7F0B /* Products */;
			projectDirPath = "";
			projectRoot = "";
			targets = (
				BC31412422514E3C004F7F0B /* DeviceDetector */,
			);
		};
/* End PBXProject section */

/* Begin PBXResourcesBuildPhase section */
		BC31412322514E3C004F7F0B /* Resources */ = {
			isa = PBXResourcesBuildPhase;
			buildActionMask = 2147483647;
			files = (
				BC31413322514E3D004F7F0B /* LaunchScreen.storyboard in Resources */,
				BC31413022514E3D004F7F0B /* Assets.xcassets in Resources */,
				BC31412E22514E3C004F7F0B /* Main.storyboard in Resources */,
			);
			runOnlyForDeploymentPostprocessing = 0;
		};
/* End PBXResourcesBuildPhase section */

/* Begin PBXSourcesBuildPhase section */
		BC31412122514E3C004F7F0B /* Sources */ = {
			isa = PBXSourcesBuildPhase;
			buildActionMask = 2147483647;
			files = (
				BC3141412256A7CD004F7F0B /* iPadModel.swift in Sources */,
				BC3141452256A804004F7F0B /* AppleTVModel.swift in Sources */,
				BC3141432256A7E7004F7F0B /* WatchModel.swift in Sources */,
				BC31413F2256A7A7004F7F0B /* iPhoneModel.swift in Sources */,
				BC31412B22514E3C004F7F0B /* ViewController.swift in Sources */,
				BC31413B22514F22004F7F0B /* DeviceDetector.swift in Sources */,
				BC31412922514E3C004F7F0B /* AppDelegate.swift in Sources */,
			);
			runOnlyForDeploymentPostprocessing = 0;
		};
/* End PBXSourcesBuildPhase section */

/* Begin PBXVariantGroup section */
		BC31412C22514E3C004F7F0B /* Main.storyboard */ = {
			isa = PBXVariantGroup;
			children = (
				BC31412D22514E3C004F7F0B /* Base */,
			);
			name = Main.storyboard;
			sourceTree = "<group>";
		};
		BC31413122514E3D004F7F0B /* LaunchScreen.storyboard */ = {
			isa = PBXVariantGroup;
			children = (
				BC31413222514E3D004F7F0B /* Base */,
			);
			name = LaunchScreen.storyboard;
			sourceTree = "<group>";
		};
/* End PBXVariantGroup section */

/* Begin XCBuildConfiguration section */
		BC31413522514E3D004F7F0B /* Debug */ = {
			isa = XCBuildConfiguration;
			buildSettings = {
				ALWAYS_SEARCH_USER_PATHS = NO;
				CLANG_ANALYZER_NONNULL = YES;
				CLANG_ANALYZER_NUMBER_OBJECT_CONVERSION = YES_AGGRESSIVE;
				CLANG_CXX_LANGUAGE_STANDARD = "gnu++14";
				CLANG_CXX_LIBRARY = "libc++";
				CLANG_ENABLE_MODULES = YES;
				CLANG_ENABLE_OBJC_ARC = YES;
				CLANG_ENABLE_OBJC_WEAK = YES;
				CLANG_WARN_BLOCK_CAPTURE_AUTORELEASING = YES;
				CLANG_WARN_BOOL_CONVERSION = YES;
				CLANG_WARN_COMMA = YES;
				CLANG_WARN_CONSTANT_CONVERSION = YES;
				CLANG_WARN_DEPRECATED_OBJC_IMPLEMENTATIONS = YES;
				CLANG_WARN_DIRECT_OBJC_ISA_USAGE = YES_ERROR;
				CLANG_WARN_DOCUMENTATION_COMMENTS = YES;
				CLANG_WARN_EMPTY_BODY = YES;
				CLANG_WARN_ENUM_CONVERSION = YES;
				CLANG_WARN_INFINITE_RECURSION = YES;
				CLANG_WARN_INT_CONVERSION = YES;
				CLANG_WARN_NON_LITERAL_NULL_CONVERSION = YES;
				CLANG_WARN_OBJC_IMPLICIT_RETAIN_SELF = YES;
				CLANG_WARN_OBJC_LITERAL_CONVERSION = YES;
				CLANG_WARN_OBJC_ROOT_CLASS = YES_ERROR;
				CLANG_WARN_RANGE_LOOP_ANALYSIS = YES;
				CLANG_WARN_STRICT_PROTOTYPES = YES;
				CLANG_WARN_SUSPICIOUS_MOVE = YES;
				CLANG_WARN_UNGUARDED_AVAILABILITY = YES_AGGRESSIVE;
				CLANG_WARN_UNREACHABLE_CODE = YES;
				CLANG_WARN__DUPLICATE_METHOD_MATCH = YES;
				CODE_SIGN_IDENTITY = "iPhone Developer";
				COPY_PHASE_STRIP = NO;
				DEBUG_INFORMATION_FORMAT = dwarf;
				ENABLE_STRICT_OBJC_MSGSEND = YES;
				ENABLE_TESTABILITY = YES;
				GCC_C_LANGUAGE_STANDARD = gnu11;
				GCC_DYNAMIC_NO_PIC = NO;
				GCC_NO_COMMON_BLOCKS = YES;
				GCC_OPTIMIZATION_LEVEL = 0;
				GCC_PREPROCESSOR_DEFINITIONS = (
					"DEBUG=1",
					"$(inherited)",
				);
				GCC_WARN_64_TO_32_BIT_CONVERSION = YES;
				GCC_WARN_ABOUT_RETURN_TYPE = YES_ERROR;
				GCC_WARN_UNDECLARED_SELECTOR = YES;
				GCC_WARN_UNINITIALIZED_AUTOS = YES_AGGRESSIVE;
				GCC_WARN_UNUSED_FUNCTION = YES;
				GCC_WARN_UNUSED_VARIABLE = YES;
				IPHONEOS_DEPLOYMENT_TARGET = 12.1;
				MTL_ENABLE_DEBUG_INFO = INCLUDE_SOURCE;
				MTL_FAST_MATH = YES;
				ONLY_ACTIVE_ARCH = YES;
				SDKROOT = iphoneos;
				SWIFT_ACTIVE_COMPILATION_CONDITIONS = DEBUG;
				SWIFT_OPTIMIZATION_LEVEL = "-Onone";
			};
			name = Debug;
		};
		BC31413622514E3D004F7F0B /* Release */ = {
			isa = XCBuildConfiguration;
			buildSettings = {
				ALWAYS_SEARCH_USER_PATHS = NO;
				CLANG_ANALYZER_NONNULL = YES;
				CLANG_ANALYZER_NUMBER_OBJECT_CONVERSION = YES_AGGRESSIVE;
				CLANG_CXX_LANGUAGE_STANDARD = "gnu++14";
				CLANG_CXX_LIBRARY = "libc++";
				CLANG_ENABLE_MODULES = YES;
				CLANG_ENABLE_OBJC_ARC = YES;
				CLANG_ENABLE_OBJC_WEAK = YES;
				CLANG_WARN_BLOCK_CAPTURE_AUTORELEASING = YES;
				CLANG_WARN_BOOL_CONVERSION = YES;
				CLANG_WARN_COMMA = YES;
				CLANG_WARN_CONSTANT_CONVERSION = YES;
				CLANG_WARN_DEPRECATED_OBJC_IMPLEMENTATIONS = YES;
				CLANG_WARN_DIRECT_OBJC_ISA_USAGE = YES_ERROR;
				CLANG_WARN_DOCUMENTATION_COMMENTS = YES;
				CLANG_WARN_EMPTY_BODY = YES;
				CLANG_WARN_ENUM_CONVERSION = YES;
				CLANG_WARN_INFINITE_RECURSION = YES;
				CLANG_WARN_INT_CONVERSION = YES;
				CLANG_WARN_NON_LITERAL_NULL_CONVERSION = YES;
				CLANG_WARN_OBJC_IMPLICIT_RETAIN_SELF = YES;
				CLANG_WARN_OBJC_LITERAL_CONVERSION = YES;
				CLANG_WARN_OBJC_ROOT_CLASS = YES_ERROR;
				CLANG_WARN_RANGE_LOOP_ANALYSIS = YES;
				CLANG_WARN_STRICT_PROTOTYPES = YES;
				CLANG_WARN_SUSPICIOUS_MOVE = YES;
				CLANG_WARN_UNGUARDED_AVAILABILITY = YES_AGGRESSIVE;
				CLANG_WARN_UNREACHABLE_CODE = YES;
				CLANG_WARN__DUPLICATE_METHOD_MATCH = YES;
				CODE_SIGN_IDENTITY = "iPhone Developer";
				COPY_PHASE_STRIP = NO;
				DEBUG_INFORMATION_FORMAT = "dwarf-with-dsym";
				ENABLE_NS_ASSERTIONS = NO;
				ENABLE_STRICT_OBJC_MSGSEND = YES;
				GCC_C_LANGUAGE_STANDARD = gnu11;
				GCC_NO_COMMON_BLOCKS = YES;
				GCC_WARN_64_TO_32_BIT_CONVERSION = YES;
				GCC_WARN_ABOUT_RETURN_TYPE = YES_ERROR;
				GCC_WARN_UNDECLARED_SELECTOR = YES;
				GCC_WARN_UNINITIALIZED_AUTOS = YES_AGGRESSIVE;
				GCC_WARN_UNUSED_FUNCTION = YES;
				GCC_WARN_UNUSED_VARIABLE = YES;
				IPHONEOS_DEPLOYMENT_TARGET = 12.1;
				MTL_ENABLE_DEBUG_INFO = NO;
				MTL_FAST_MATH = YES;
				SDKROOT = iphoneos;
				SWIFT_COMPILATION_MODE = wholemodule;
				SWIFT_OPTIMIZATION_LEVEL = "-O";
				VALIDATE_PRODUCT = YES;
			};
			name = Release;
		};
		BC31413822514E3D004F7F0B /* Debug */ = {
			isa = XCBuildConfiguration;
			buildSettings = {
				ASSETCATALOG_COMPILER_APPICON_NAME = AppIcon;
				CODE_SIGN_STYLE = Automatic;
				DEVELOPMENT_TEAM = 86652PZBLR;
				INFOPLIST_FILE = DeviceDetector/Info.plist;
				LD_RUNPATH_SEARCH_PATHS = (
					"$(inherited)",
					"@executable_path/Frameworks",
				);
				PRODUCT_BUNDLE_IDENTIFIER = com.zaakk.devicedetector;
				PRODUCT_NAME = "$(TARGET_NAME)";
				SWIFT_VERSION = 4.2;
				TARGETED_DEVICE_FAMILY = "1,2";
			};
			name = Debug;
		};
		BC31413922514E3D004F7F0B /* Release */ = {
			isa = XCBuildConfiguration;
			buildSettings = {
				ASSETCATALOG_COMPILER_APPICON_NAME = AppIcon;
				CODE_SIGN_STYLE = Automatic;
				DEVELOPMENT_TEAM = 86652PZBLR;
				INFOPLIST_FILE = DeviceDetector/Info.plist;
				LD_RUNPATH_SEARCH_PATHS = (
					"$(inherited)",
					"@executable_path/Frameworks",
				);
				PRODUCT_BUNDLE_IDENTIFIER = com.zaakk.devicedetector;
				PRODUCT_NAME = "$(TARGET_NAME)";
				SWIFT_VERSION = 4.2;
				TARGETED_DEVICE_FAMILY = "1,2";
			};
			name = Release;
		};
/* End XCBuildConfiguration section */

/* Begin XCConfigurationList section */
		BC31412022514E3C004F7F0B /* Build configuration list for PBXProject "DeviceDetector" */ = {
			isa = XCConfigurationList;
			buildConfigurations = (
				BC31413522514E3D004F7F0B /* Debug */,
				BC31413622514E3D004F7F0B /* Release */,
			);
			defaultConfigurationIsVisible = 0;
			defaultConfigurationName = Release;
		};
		BC31413722514E3D004F7F0B /* Build configuration list for PBXNativeTarget "DeviceDetector" */ = {
			isa = XCConfigurationList;
			buildConfigurations = (
				BC31413822514E3D004F7F0B /* Debug */,
				BC31413922514E3D004F7F0B /* Release */,
			);
			defaultConfigurationIsVisible = 0;
			defaultConfigurationName = Release;
		};
/* End XCConfigurationList section */
	};
	rootObject = BC31411D22514E3C004F7F0B /* Project object */;
}
